github.com/airbnb/lottie-web v5.12.2+incompatible h1:Ldogtlhiucf7mMsgisyxSBY0qunV44+lpa9Icy2KoQc=
github.com/airbnb/lottie-web v5.12.2+incompatible/go.mod h1:nTss557UK9FGnp8QYlCMO29tjUHwbdAHG/DprbGfHGE=
github.com/airbnb/lottie-web v5.13.0+incompatible h1:plBV5Uq/F1kK0EC61Hr0cBGReI9OgUfd/pp0baoDX8o=
github.com/airbnb/lottie-web v5.13.0+incompatible/go.mod h1:nTss557UK9FGnp8QYlCMO29tjUHwbdAHG/DprbGfHGE=
github.com/gethinode/mod-utils v1.0.0 h1:cqHm2xS5uDiJzRm1KfHaNbq6uMVDKLhQa8/BuTZ1nhY=
github.com/gethinode/mod-utils v1.0.0/go.mod h1:ONJm3pHCq7nvaPNjusLZNCeCbhOhSBH4HVKHwK1FdYE=
github.com/gethinode/mod-utils v1.1.0 h1:a82h/DQTKc5hxf/ExDoZqJCJmVLT0dtyU8tf78yOPFw=
github.com/gethinode/mod-utils v1.1.0/go.mod h1:ONJm3pHCq7nvaPNjusLZNCeCbhOhSBH4HVKHwK1FdYE=
github.com/gethinode/mod-utils/v2 v2.0.1 h1:yy8Qaytrk55YNMzyldYKDWJr6mpQs7s7TWBkSYRMBng=
github.com/gethinode/mod-utils/v2 v2.0.1/go.mod h1:GTYeknoLujNjfDxI+V9Dcug26CYJSTJ0B/U2dagw9oY=
github.com/gethinode/mod-utils/v2 v2.0.2 h1:pocFT/mWPcfmABltZwe76D1IB3TZIrD1k1kH9zCDO1M=
github.com/gethinode/mod-utils/v2 v2.0.2/go.mod h1:GTYeknoLujNjfDxI+V9Dcug26CYJSTJ0B/U2dagw9oY=
github.com/gethinode/mod-utils/v2 v2.0.3 h1:4BsRNGi+0a3Mq021Gq/TwDNiyuIfZ8xnpYU0DkNbUYI=
github.com/gethinode/mod-utils/v2 v2.0.3/go.mod h1:GTYeknoLujNjfDxI+V9Dcug26CYJSTJ0B/U2dagw9oY=
github.com/gethinode/mod-utils/v2 v2.1.0 h1:5I0IN/AX5qPFYx7tjWXk59GBevTJzixxZUGj9MJ0b8M=
github.com/gethinode/mod-utils/v2 v2.1.0/go.mod h1:GTYeknoLujNjfDxI+V9Dcug26CYJSTJ0B/U2dagw9oY=
github.com/gethinode/mod-utils/v2 v2.1.1 h1:aLBcS9Zbx+dqnu5oBsTM01AkkN5nwwifgbV4D0qiHnM=
github.com/gethinode/mod-utils/v2 v2.1.1/go.mod h1:GTYeknoLujNjfDxI+V9Dcug26CYJSTJ0B/U2dagw9oY=
github.com/gethinode/mod-utils/v2 v2.2.2 h1:ZRxWIJKmZIDYsoMS3WhxxC+BWJrkd1dcZ8rz/cLZExc=
github.com/gethinode/mod-utils/v2 v2.2.2/go.mod h1:GTYeknoLujNjfDxI+V9Dcug26CYJSTJ0B/U2dagw9oY=
github.com/gethinode/mod-utils/v2 v2.3.0 h1:e3uhlAGasvXe+cgvcmzRe05Zo4UEx86uk0TbnxtyB6U=
github.com/gethinode/mod-utils/v2 v2.3.0/go.mod h1:GTYeknoLujNjfDxI+V9Dcug26CYJSTJ0B/U2dagw9oY=
github.com/gethinode/mod-utils/v2 v2.3.3 h1:dewgQgAyPJJ1lA2WhowHaFqVaeLjUNYgxDO4mE3v0F0=
github.com/gethinode/mod-utils/v2 v2.3.3/go.mod h1:GTYeknoLujNjfDxI+V9Dcug26CYJSTJ0B/U2dagw9oY=
github.com/gethinode/mod-utils/v2 v2.3.4 h1:4OmUsLW7FyQL7vJhg/Iy9E7nFXWL955qCtsj6yWU51M=
github.com/gethinode/mod-utils/v2 v2.3.4/go.mod h1:GTYeknoLujNjfDxI+V9Dcug26CYJSTJ0B/U2dagw9oY=
github.com/gethinode/mod-utils/v2 v2.3.6 h1:Ta+WKc83sK9ZROKmUwS4pA32Qm0bQqoMmWHEOzDvZ5Y=
github.com/gethinode/mod-utils/v2 v2.3.6/go.mod h1:GTYeknoLujNjfDxI+V9Dcug26CYJSTJ0B/U2dagw9oY=
github.com/gethinode/mod-utils/v2 v2.3.7 h1:FFsUPO7NBp9Bhjovf0Ki5hnDGfeMKV/3RNz1Qpv7+oQ=
github.com/gethinode/mod-utils/v2 v2.3.7/go.mod h1:GTYeknoLujNjfDxI+V9Dcug26CYJSTJ0B/U2dagw9oY=
github.com/gethinode/mod-utils/v2 v2.3.10 h1:+coUXdgAbLEE8Tvb3Rfk/1Nr6oDVreXI2sil0pa/n2Q=
github.com/gethinode/mod-utils/v2 v2.3.10/go.mod h1:GTYeknoLujNjfDxI+V9Dcug26CYJSTJ0B/U2dagw9oY=
github.com/gethinode/mod-utils/v2 v2.4.0 h1:mmG4hWaeA4krAg933pibH+TrjFmPHkAi/DUbe3SM38I=
github.com/gethinode/mod-utils/v2 v2.4.0/go.mod h1:GTYeknoLujNjfDxI+V9Dcug26CYJSTJ0B/U2dagw9oY=
github.com/gethinode/mod-utils/v2 v2.5.2 h1:URGTpJo0dN4/oF2yL6o2d2pkcSlG1F0hgIF9UqpIs/E=
github.com/gethinode/mod-utils/v2 v2.5.2/go.mod h1:GTYeknoLujNjfDxI+V9Dcug26CYJSTJ0B/U2dagw9oY=
github.com/gethinode/mod-utils/v2 v2.8.0 h1:BdB+onItuO29g5ZLEz/HEwq9c4xBEM4GGqQc3kQ++js=
github.com/gethinode/mod-utils/v2 v2.8.0/go.mod h1:GTYeknoLujNjfDxI+V9Dcug26CYJSTJ0B/U2dagw9oY=
github.com/gethinode/mod-utils/v2 v2.8.1 h1:u7sFbgJ5sBEMYC/GwcMRyjRAd5NxTjBnbld5b0V5n98=
github.com/gethinode/mod-utils/v2 v2.8.1/go.mod h1:GTYeknoLujNjfDxI+V9Dcug26CYJSTJ0B/U2dagw9oY=
github.com/gethinode/mod-utils/v2 v2.8.2 h1:rKndAMmRBSO5Cgoa/2CvF5XchDSvLvd4TYAbfbbQVhE=
github.com/gethinode/mod-utils/v2 v2.8.2/go.mod h1:GTYeknoLujNjfDxI+V9Dcug26CYJSTJ0B/U2dagw9oY=
github.com/gethinode/mod-utils/v2 v2.8.3 h1:t1MJcIdFhYi0gCkm8f0DYZwyfq7pRdRc0eNpqZa11ic=
github.com/gethinode/mod-utils/v2 v2.8.3/go.mod h1:GTYeknoLujNjfDxI+V9Dcug26CYJSTJ0B/U2dagw9oY=
github.com/gethinode/mod-utils/v2 v2.8.4 h1:ZBkIxFezFz2IrbTt0Y3Nq5ac7klU5N8TY19Qnj5px4M=
github.com/gethinode/mod-utils/v2 v2.8.4/go.mod h1:GTYeknoLujNjfDxI+V9Dcug26CYJSTJ0B/U2dagw9oY=
github.com/gethinode/mod-utils/v2 v2.8.5 h1:e71ncO2NYpum7JTdNTwb0lw8aDe8Zc64Ehjavy8x9xM=
github.com/gethinode/mod-utils/v2 v2.8.5/go.mod h1:GTYeknoLujNjfDxI+V9Dcug26CYJSTJ0B/U2dagw9oY=
github.com/gethinode/mod-utils/v2 v2.8.6 h1:gtTtL37YPq1n/POIzbj40aYOg1VaZq8IjqwSf2V5yo0=
github.com/gethinode/mod-utils/v2 v2.8.6/go.mod h1:GTYeknoLujNjfDxI+V9Dcug26CYJSTJ0B/U2dagw9oY=
github.com/gethinode/mod-utils/v2 v2.9.0 h1:IGaYO+DNo7CcplyAUJASP1sf10/EqiG8sVVM1Q4SJKc=
github.com/gethinode/mod-utils/v2 v2.9.0/go.mod h1:GTYeknoLujNjfDxI+V9Dcug26CYJSTJ0B/U2dagw9oY=
github.com/gethinode/mod-utils/v2 v2.10.0 h1:2GN6f3wcu/TlbzPD6DFlWyx+KomXz6LnBv7mfPIXB6o=
github.com/gethinode/mod-utils/v2 v2.10.0/go.mod h1:GTYeknoLujNjfDxI+V9Dcug26CYJSTJ0B/U2dagw9oY=
github.com/gethinode/mod-utils/v4 v4.0.0 h1:sjuZH4suM0QXUNJ0CjK4k1ynPfv2C2zYBYRpJHVfMnM=
github.com/gethinode/mod-utils/v4 v4.0.0/go.mod h1:bYmvRdAo4ICy5MpSGafDvO4p5bTDpsDKFCPL3bH0mN4=
github.com/gethinode/mod-utils/v4 v4.2.0 h1:qAsXm3ZVQFihkhgI6MSky0LPXMA7aL9ELmlYlaNKU0E=
github.com/gethinode/mod-utils/v4 v4.2.0/go.mod h1:bYmvRdAo4ICy5MpSGafDvO4p5bTDpsDKFCPL3bH0mN4=
github.com/gethinode/mod-utils/v4 v4.5.1 h1:VKmqi6+oC93noHUJ6HvFlelglHT/9+kXQjpJs7VtWko=
github.com/gethinode/mod-utils/v4 v4.5.1/go.mod h1:bYmvRdAo4ICy5MpSGafDvO4p5bTDpsDKFCPL3bH0mN4=
github.com/gethinode/mod-utils/v4 v4.6.0 h1:XQ7hiCrn15SzgkcD0j53XVZPQYeQKUxg/UUkr80pJ2w=
github.com/gethinode/mod-utils/v4 v4.6.0/go.mod h1:bYmvRdAo4ICy5MpSGafDvO4p5bTDpsDKFCPL3bH0mN4=
github.com/gethinode/mod-utils/v4 v4.8.0 h1:/+M3EHqA8IzgBWXX1GLmT/xKbk2FVhUwmUfMnk/goF4=
github.com/gethinode/mod-utils/v4 v4.8.0/go.mod h1:bYmvRdAo4ICy5MpSGafDvO4p5bTDpsDKFCPL3bH0mN4=
github.com/gethinode/mod-utils/v4 v4.8.2 h1:mhPmqdeCar2sOdVwKIyJl5la0RVBPtw4d29ncRKN3ek=
github.com/gethinode/mod-utils/v4 v4.8.2/go.mod h1:bYmvRdAo4ICy5MpSGafDvO4p5bTDpsDKFCPL3bH0mN4=
github.com/gethinode/mod-utils/v4 v4.8.4 h1:ExD2zZCGonAmbIxC9wBU2dp+V4ZfvG46NWaz+LaV3iQ=
github.com/gethinode/mod-utils/v4 v4.8.4/go.mod h1:bYmvRdAo4ICy5MpSGafDvO4p5bTDpsDKFCPL3bH0mN4=
github.com/gethinode/mod-utils/v4 v4.9.2 h1:lzcihwAsm8R2k2v+tWu5nfWvXMA8uRKi0nGIzZCygZ8=
github.com/gethinode/mod-utils/v4 v4.9.2/go.mod h1:bYmvRdAo4ICy5MpSGafDvO4p5bTDpsDKFCPL3bH0mN4=
github.com/gethinode/mod-utils/v4 v4.10.0 h1:CfVa57r52wXd0bUqSJlpux2cloHQNBBe13aeqLJ8FXE=
github.com/gethinode/mod-utils/v4 v4.10.0/go.mod h1:bYmvRdAo4ICy5MpSGafDvO4p5bTDpsDKFCPL3bH0mN4=
github.com/gethinode/mod-utils/v4 v4.11.0 h1:24RObT99j/jiQnCyHvXahJHIA8e8uQuBb1pUIRJOxpA=
github.com/gethinode/mod-utils/v4 v4.11.0/go.mod h1:bYmvRdAo4ICy5MpSGafDvO4p5bTDpsDKFCPL3bH0mN4=
github.com/gethinode/mod-utils/v4 v4.11.1 h1:12CzZjyLOb/FSXbX8mDAWqs8y4OCXOEavKww7T4V9jU=
github.com/gethinode/mod-utils/v4 v4.11.1/go.mod h1:bYmvRdAo4ICy5MpSGafDvO4p5bTDpsDKFCPL3bH0mN4=
github.com/gethinode/mod-utils/v4 v4.12.0 h1:5sSfYIxZCeQbXLoZdS//rl6thwLwtXuvM0ujaWKyPmc=
github.com/gethinode/mod-utils/v4 v4.12.0/go.mod h1:bYmvRdAo4ICy5MpSGafDvO4p5bTDpsDKFCPL3bH0mN4=
github.com/gethinode/mod-utils/v4 v4.13.0 h1:VKAA+wKy4saayXfgJuVBRfhNVWQWmxOjO8LSpQCvLfw=
github.com/gethinode/mod-utils/v4 v4.13.0/go.mod h1:bYmvRdAo4ICy5MpSGafDvO4p5bTDpsDKFCPL3bH0mN4=
github.com/gethinode/mod-utils/v4 v4.13.1 h1:Zt9xQQgcb3xA0rrYgVD5ZO3idMAXATfirrF9BmLtR30=
github.com/gethinode/mod-utils/v4 v4.13.1/go.mod h1:bYmvRdAo4ICy5MpSGafDvO4p5bTDpsDKFCPL3bH0mN4=
github.com/gethinode/mod-utils/v4 v4.14.0 h1:CF5dy+HWg22L306bWVhClWK9b1NVinEqtb4Qr2vcl9A=
github.com/gethinode/mod-utils/v4 v4.14.0/go.mod h1:bYmvRdAo4ICy5MpSGafDvO4p5bTDpsDKFCPL3bH0mN4=
github.com/gethinode/mod-utils/v4 v4.15.1 h1:zsn6pYxMePLqsNaX+V8qND5tAbbp/CiscgZrnFAxc2s=
github.com/gethinode/mod-utils/v4 v4.15.1/go.mod h1:bYmvRdAo4ICy5MpSGafDvO4p5bTDpsDKFCPL3bH0mN4=
github.com/gethinode/mod-utils/v4 v4.16.0 h1:yroLCeQyE/xU46YIKS81ZtFsOONTmVudrv2qW7IBH5Q=
github.com/gethinode/mod-utils/v4 v4.16.0/go.mod h1:bYmvRdAo4ICy5MpSGafDvO4p5bTDpsDKFCPL3bH0mN4=
github.com/gethinode/mod-utils/v4 v4.16.1 h1:HjV6TONU7ZbXC2xZIPRupjKOUORddtQH8bb4dnULY1U=
github.com/gethinode/mod-utils/v4 v4.16.1/go.mod h1:bYmvRdAo4ICy5MpSGafDvO4p5bTDpsDKFCPL3bH0mN4=
github.com/gethinode/mod-utils/v4 v4.17.0 h1:nDyXpZ0mCtf3ZML8G6bjeYJsI7Ne/Ze8rEWEa9zh6CI=
github.com/gethinode/mod-utils/v4 v4.17.0/go.mod h1:bYmvRdAo4ICy5MpSGafDvO4p5bTDpsDKFCPL3bH0mN4=
github.com/gethinode/mod-utils/v4 v4.18.0 h1:CLxuPCbsQBGVgAM1x5nmh6V0HJoOcltIfKG9sthpsTk=
github.com/gethinode/mod-utils/v4 v4.18.0/go.mod h1:bYmvRdAo4ICy5MpSGafDvO4p5bTDpsDKFCPL3bH0mN4=
