github.com/airbnb/lottie-web v5.12.2+incompatible h1:Ldogtlhiucf7mMsgisyxSBY0qunV44+lpa9Icy2KoQc=
github.com/airbnb/lottie-web v5.12.2+incompatible/go.mod h1:nTss557UK9FGnp8QYlCMO29tjUHwbdAHG/DprbGfHGE=
github.com/gethinode/mod-utils v1.0.0 h1:cqHm2xS5uDiJzRm1KfHaNbq6uMVDKLhQa8/BuTZ1nhY=
github.com/gethinode/mod-utils v1.0.0/go.mod h1:ONJm3pHCq7nvaPNjusLZNCeCbhOhSBH4HVKHwK1FdYE=
github.com/gethinode/mod-utils v1.0.1 h1:jhZGlGFHHL1f5HXbBMXfiZ2gCz4TVafAzjnRPTIBSEE=
github.com/gethinode/mod-utils v1.0.1/go.mod h1:ONJm3pHCq7nvaPNjusLZNCeCbhOhSBH4HVKHwK1FdYE=
github.com/gethinode/mod-utils v1.0.4 h1:Lr7hAVaWHv0O5TJXhRHGhvlOvWwIATJm9mpLQhCsopM=
github.com/gethinode/mod-utils v1.0.4/go.mod h1:ONJm3pHCq7nvaPNjusLZNCeCbhOhSBH4HVKHwK1FdYE=
